
Microsoft Visual Studio Solution File, Format Version 12.00
# Visual Studio Version 17
VisualStudioVersion = 17.7.34031.279
MinimumVisualStudioVersion = 10.0.40219.1
Project("{9A19103F-16F7-4668-BE54-9A1E7A4F7556}") = "Crystal", "Crystal.csproj", "{355A1B74-DF02-49ED-A91C-778BCE777EF1}"
EndProject
Project("{2150E333-8FDC-42A3-9474-1A3956D46DE8}") = "Solution Items", "Solution Items", "{B0B40890-CC92-46BD-9CD8-899348A2CD42}"
	ProjectSection(SolutionItems) = preProject
		.editorconfig = .editorconfig
	EndProjectSection
EndProject
Global
	GlobalSection(SolutionConfigurationPlatforms) = preSolution
		Debug|Any CPU = Debug|Any CPU
		Release|Any CPU = Release|Any CPU
	EndGlobalSection
	GlobalSection(ProjectConfigurationPlatforms) = postSolution
		{355A1B74-DF02-49ED-A91C-778BCE777EF1}.Debug|Any CPU.ActiveCfg = Debug|Any CPU
		{355A1B74-DF02-49ED-A91C-778BCE777EF1}.Debug|Any CPU.Build.0 = Debug|Any CPU
		{355A1B74-DF02-49ED-A91C-778BCE777EF1}.Release|Any CPU.ActiveCfg = Release|Any CPU
		{355A1B74-DF02-49ED-A91C-778BCE777EF1}.Release|Any CPU.Build.0 = Release|Any CPU
	EndGlobalSection
	GlobalSection(SolutionProperties) = preSolution
		HideSolutionNode = FALSE
	EndGlobalSection
	GlobalSection(ExtensibilityGlobals) = postSolution
		SolutionGuid = {F9918E19-8E4C-4008-926E-26FC4DA678EB}
	EndGlobalSection
EndGlobal
